id: manchesterpdu_manchester_pdu_decoder
label: manchesterpdu_manchester_pdu_decoder
category: '[manchesterpdu]'

templates:
  imports: import manchesterpdu
  make: manchesterpdu.manchester_pdu_decoder(${mode})

parameters:
- id: mode
  label: Decoder Mode
  dtype: enum
  default: '0'
  options: ['0', '1', '2', '3']
  option_labels: [Normal, IEEE, D_BPM, D_BPS]

inputs:
- label: in
  dtype: message

outputs:
- label: out
  dtype: message

file_format: 1
